
Microsoft Visual Studio Solution File, Format Version 12.00
# Visual Studio Version 17
VisualStudioVersion = 17.1.32210.238
MinimumVisualStudioVersion = 10.0.40219.1
Project("{FAE04EC0-301F-11D3-BF4B-00C04F79EFBC}") = "TissToDo", "TissToDo\TissToDo.csproj", "{7F9B7568-2729-4022-8713-C8F51498C574}"
EndProject
Global
	GlobalSection(SolutionConfigurationPlatforms) = preSolution
		Debug|Any CPU = Debug|Any CPU
		Release|Any CPU = Release|Any CPU
	EndGlobalSection
	GlobalSection(ProjectConfigurationPlatforms) = postSolution
		{7F9B7568-2729-4022-8713-C8F51498C574}.Debug|Any CPU.ActiveCfg = Debug|Any CPU
		{7F9B7568-2729-4022-8713-C8F51498C574}.Debug|Any CPU.Build.0 = Debug|Any CPU
		{7F9B7568-2729-4022-8713-C8F51498C574}.Release|Any CPU.ActiveCfg = Release|Any CPU
		{7F9B7568-2729-4022-8713-C8F51498C574}.Release|Any CPU.Build.0 = Release|Any CPU
	EndGlobalSection
	GlobalSection(SolutionProperties) = preSolution
		HideSolutionNode = FALSE
	EndGlobalSection
	GlobalSection(ExtensibilityGlobals) = postSolution
		SolutionGuid = {229A3C8E-809C-41F7-AF21-5F7006C45BB5}
	EndGlobalSection
EndGlobal
